{
  "name": "Felminas-Project-main",
  "lockfileVersion": 3,
  "requires": true,
  "packages": {
    "": {
      "dependencies": {
        "accessibility": "^4.5.7",
        "bootstrap-icons": "^1.10.4"
      }
    },
    "node_modules/accessibility": {
      "version": "4.5.7",
      "resolved": "https://registry.npmjs.org/accessibility/-/accessibility-4.5.7.tgz",
      "integrity": "sha512-aXZY9sLQuVaGxeu8KYiFVXLsjvu+a/52njVCyoI8wuwRTwd4b1mrl2nkzNFEP4S08DqKy2Fzm52stZXWBDH9+g=="
    },
    "node_modules/bootstrap-icons": {
      "version": "1.10.4",
      "resolved": "https://registry.npmjs.org/bootstrap-icons/-/bootstrap-icons-1.10.4.tgz",
      "integrity": "sha512-eI3HyIUmpGKRiRv15FCZccV+2sreGE2NnmH8mtxV/nPOzQVu0sPEj8HhF1MwjJ31IhjF0rgMvtYOX5VqIzcb/A=="
    }
  }
}
